
Microsoft Visual Studio Solution File, Format Version 12.00
# Visual Studio 11
Project("{8BC9CEB8-8B4A-11D0-8D11-00A0C91BC942}") = "Magic", "..\Magic2\Magic.vcxproj", "{6D76E92C-8157-86AD-E6C6-AC8BDD12D7E8}"
	ProjectSection(ProjectDependencies) = postProject
		{0CBB5518-6ECE-4654-0061-D6254887F9BA} = {0CBB5518-6ECE-4654-0061-D6254887F9BA}
		{2893353A-7B10-ECEA-2F02-9E01CB993C92} = {2893353A-7B10-ECEA-2F02-9E01CB993C92}
		{3F0496A2-4091-095C-EAD0-2DA295C2ED6D} = {3F0496A2-4091-095C-EAD0-2DA295C2ED6D}
		{86C01EAC-2406-40A7-B744-AA858B7607A9} = {86C01EAC-2406-40A7-B744-AA858B7607A9}
		{F33B3A07-4722-193F-0FE3-7309B79EB379} = {F33B3A07-4722-193F-0FE3-7309B79EB379}
	EndProjectSection
EndProject
Project("{8BC9CEB8-8B4A-11D0-8D11-00A0C91BC942}") = "NetEx", "..\NetEx\NetEx.vcxproj", "{2893353A-7B10-ECEA-2F02-9E01CB993C92}"
EndProject
Project("{8BC9CEB8-8B4A-11D0-8D11-00A0C91BC942}") = "nGenEx", "..\nGenEx\nGenEx.vcxproj", "{0CBB5518-6ECE-4654-0061-D6254887F9BA}"
EndProject
Project("{8BC9CEB8-8B4A-11D0-8D11-00A0C91BC942}") = "Opcode", "..\Opcode\Opcode.vcxproj", "{F33B3A07-4722-193F-0FE3-7309B79EB379}"
EndProject
Project("{8BC9CEB8-8B4A-11D0-8D11-00A0C91BC942}") = "Stars", "..\Stars45\Stars.vcxproj", "{B67E22AF-1802-34D8-D81A-69E43F2180ED}"
	ProjectSection(ProjectDependencies) = postProject
		{0CBB5518-6ECE-4654-0061-D6254887F9BA} = {0CBB5518-6ECE-4654-0061-D6254887F9BA}
		{2893353A-7B10-ECEA-2F02-9E01CB993C92} = {2893353A-7B10-ECEA-2F02-9E01CB993C92}
		{3F0496A2-4091-095C-EAD0-2DA295C2ED6D} = {3F0496A2-4091-095C-EAD0-2DA295C2ED6D}
		{86C01EAC-2406-40A7-B744-AA858B7607A9} = {86C01EAC-2406-40A7-B744-AA858B7607A9}
		{F33B3A07-4722-193F-0FE3-7309B79EB379} = {F33B3A07-4722-193F-0FE3-7309B79EB379}
	EndProjectSection
EndProject
Project("{8BC9CEB8-8B4A-11D0-8D11-00A0C91BC942}") = "Zlib", "..\zlib\Zlib.vcxproj", "{3F0496A2-4091-095C-EAD0-2DA295C2ED6D}"
EndProject
Project("{8BC9CEB8-8B4A-11D0-8D11-00A0C91BC942}") = "libpng", "..\libpng\libpng.vcxproj", "{86C01EAC-2406-40A7-B744-AA858B7607A9}"
	ProjectSection(ProjectDependencies) = postProject
		{3F0496A2-4091-095C-EAD0-2DA295C2ED6D} = {3F0496A2-4091-095C-EAD0-2DA295C2ED6D}
	EndProjectSection
EndProject
Project("{8BC9CEB8-8B4A-11D0-8D11-00A0C91BC942}") = "Datafile", "..\Datafile\Datafile\Datafile.vcxproj", "{6B23D380-A987-350C-21FA-0FB78C372A8D}"
EndProject
Global
	GlobalSection(SolutionConfigurationPlatforms) = preSolution
		Debug x64|Win32 = Debug x64|Win32
		Debug x64|x64 = Debug x64|x64
		Debug|Win32 = Debug|Win32
		Debug|x64 = Debug|x64
		Release x64|Win32 = Release x64|Win32
		Release x64|x64 = Release x64|x64
		Release|Win32 = Release|Win32
		Release|x64 = Release|x64
	EndGlobalSection
	GlobalSection(ProjectConfigurationPlatforms) = postSolution
		{0CBB5518-6ECE-4654-0061-D6254887F9BA}.Debug x64|Win32.ActiveCfg = Debug x64|Win32
		{0CBB5518-6ECE-4654-0061-D6254887F9BA}.Debug x64|Win32.Build.0 = Debug x64|Win32
		{0CBB5518-6ECE-4654-0061-D6254887F9BA}.Debug x64|x64.ActiveCfg = Template|x64
		{0CBB5518-6ECE-4654-0061-D6254887F9BA}.Debug x64|x64.Build.0 = Debug x64|x64
		{0CBB5518-6ECE-4654-0061-D6254887F9BA}.Debug|Win32.ActiveCfg = Debug|Win32
		{0CBB5518-6ECE-4654-0061-D6254887F9BA}.Debug|Win32.Build.0 = Debug|Win32
		{0CBB5518-6ECE-4654-0061-D6254887F9BA}.Debug|x64.ActiveCfg = Debug|x64
		{0CBB5518-6ECE-4654-0061-D6254887F9BA}.Debug|x64.Build.0 = Debug|x64
		{0CBB5518-6ECE-4654-0061-D6254887F9BA}.Release x64|Win32.ActiveCfg = Release x64|Win32
		{0CBB5518-6ECE-4654-0061-D6254887F9BA}.Release x64|Win32.Build.0 = Release x64|Win32
		{0CBB5518-6ECE-4654-0061-D6254887F9BA}.Release x64|x64.ActiveCfg = Release x64|x64
		{0CBB5518-6ECE-4654-0061-D6254887F9BA}.Release x64|x64.Build.0 = Release x64|x64
		{0CBB5518-6ECE-4654-0061-D6254887F9BA}.Release|Win32.ActiveCfg = Release|Win32
		{0CBB5518-6ECE-4654-0061-D6254887F9BA}.Release|Win32.Build.0 = Release|Win32
		{0CBB5518-6ECE-4654-0061-D6254887F9BA}.Release|x64.ActiveCfg = Release|x64
		{0CBB5518-6ECE-4654-0061-D6254887F9BA}.Release|x64.Build.0 = Release|x64
		{2893353A-7B10-ECEA-2F02-9E01CB993C92}.Debug x64|Win32.ActiveCfg = Debug x64|Win32
		{2893353A-7B10-ECEA-2F02-9E01CB993C92}.Debug x64|Win32.Build.0 = Debug x64|Win32
		{2893353A-7B10-ECEA-2F02-9E01CB993C92}.Debug x64|x64.ActiveCfg = Template|x64
		{2893353A-7B10-ECEA-2F02-9E01CB993C92}.Debug x64|x64.Build.0 = Debug x64|x64
		{2893353A-7B10-ECEA-2F02-9E01CB993C92}.Debug|Win32.ActiveCfg = Debug|Win32
		{2893353A-7B10-ECEA-2F02-9E01CB993C92}.Debug|Win32.Build.0 = Debug|Win32
		{2893353A-7B10-ECEA-2F02-9E01CB993C92}.Debug|x64.ActiveCfg = Debug|x64
		{2893353A-7B10-ECEA-2F02-9E01CB993C92}.Debug|x64.Build.0 = Debug|x64
		{2893353A-7B10-ECEA-2F02-9E01CB993C92}.Release x64|Win32.ActiveCfg = Release x64|Win32
		{2893353A-7B10-ECEA-2F02-9E01CB993C92}.Release x64|Win32.Build.0 = Release x64|Win32
		{2893353A-7B10-ECEA-2F02-9E01CB993C92}.Release x64|x64.ActiveCfg = Release x64|x64
		{2893353A-7B10-ECEA-2F02-9E01CB993C92}.Release x64|x64.Build.0 = Release x64|x64
		{2893353A-7B10-ECEA-2F02-9E01CB993C92}.Release|Win32.ActiveCfg = Release|Win32
		{2893353A-7B10-ECEA-2F02-9E01CB993C92}.Release|Win32.Build.0 = Release|Win32
		{2893353A-7B10-ECEA-2F02-9E01CB993C92}.Release|x64.ActiveCfg = Release|x64
		{2893353A-7B10-ECEA-2F02-9E01CB993C92}.Release|x64.Build.0 = Release|x64
		{3F0496A2-4091-095C-EAD0-2DA295C2ED6D}.Debug x64|Win32.ActiveCfg = Debug x64|Win32
		{3F0496A2-4091-095C-EAD0-2DA295C2ED6D}.Debug x64|Win32.Build.0 = Debug x64|Win32
		{3F0496A2-4091-095C-EAD0-2DA295C2ED6D}.Debug x64|x64.ActiveCfg = Template|x64
		{3F0496A2-4091-095C-EAD0-2DA295C2ED6D}.Debug x64|x64.Build.0 = Debug x64|x64
		{3F0496A2-4091-095C-EAD0-2DA295C2ED6D}.Debug|Win32.ActiveCfg = Debug|Win32
		{3F0496A2-4091-095C-EAD0-2DA295C2ED6D}.Debug|Win32.Build.0 = Debug|Win32
		{3F0496A2-4091-095C-EAD0-2DA295C2ED6D}.Debug|x64.ActiveCfg = Debug|x64
		{3F0496A2-4091-095C-EAD0-2DA295C2ED6D}.Debug|x64.Build.0 = Debug|x64
		{3F0496A2-4091-095C-EAD0-2DA295C2ED6D}.Release x64|Win32.ActiveCfg = Release x64|Win32
		{3F0496A2-4091-095C-EAD0-2DA295C2ED6D}.Release x64|Win32.Build.0 = Release x64|Win32
		{3F0496A2-4091-095C-EAD0-2DA295C2ED6D}.Release x64|x64.ActiveCfg = Release x64|x64
		{3F0496A2-4091-095C-EAD0-2DA295C2ED6D}.Release x64|x64.Build.0 = Release x64|x64
		{3F0496A2-4091-095C-EAD0-2DA295C2ED6D}.Release|Win32.ActiveCfg = Release|Win32
		{3F0496A2-4091-095C-EAD0-2DA295C2ED6D}.Release|Win32.Build.0 = Release|Win32
		{3F0496A2-4091-095C-EAD0-2DA295C2ED6D}.Release|x64.ActiveCfg = Release|x64
		{3F0496A2-4091-095C-EAD0-2DA295C2ED6D}.Release|x64.Build.0 = Release|x64
		{6B23D380-A987-350C-21FA-0FB78C372A8D}.Debug x64|Win32.ActiveCfg = Debug|Win32
		{6B23D380-A987-350C-21FA-0FB78C372A8D}.Debug x64|Win32.Build.0 = Debug|Win32
		{6B23D380-A987-350C-21FA-0FB78C372A8D}.Debug x64|x64.ActiveCfg = Debug|Win32
		{6B23D380-A987-350C-21FA-0FB78C372A8D}.Debug|Win32.ActiveCfg = Debug|Win32
		{6B23D380-A987-350C-21FA-0FB78C372A8D}.Debug|Win32.Build.0 = Debug|Win32
		{6B23D380-A987-350C-21FA-0FB78C372A8D}.Debug|x64.ActiveCfg = Debug|Win32
		{6B23D380-A987-350C-21FA-0FB78C372A8D}.Release x64|Win32.ActiveCfg = Release|Win32
		{6B23D380-A987-350C-21FA-0FB78C372A8D}.Release x64|Win32.Build.0 = Release|Win32
		{6B23D380-A987-350C-21FA-0FB78C372A8D}.Release x64|x64.ActiveCfg = Release|Win32
		{6B23D380-A987-350C-21FA-0FB78C372A8D}.Release|Win32.ActiveCfg = Release|Win32
		{6B23D380-A987-350C-21FA-0FB78C372A8D}.Release|Win32.Build.0 = Release|Win32
		{6B23D380-A987-350C-21FA-0FB78C372A8D}.Release|x64.ActiveCfg = Release|Win32
		{6D76E92C-8157-86AD-E6C6-AC8BDD12D7E8}.Debug x64|Win32.ActiveCfg = Debug x64|Win32
		{6D76E92C-8157-86AD-E6C6-AC8BDD12D7E8}.Debug x64|Win32.Build.0 = Debug x64|Win32
		{6D76E92C-8157-86AD-E6C6-AC8BDD12D7E8}.Debug x64|x64.ActiveCfg = Debug x64|x64
		{6D76E92C-8157-86AD-E6C6-AC8BDD12D7E8}.Debug x64|x64.Build.0 = Debug x64|x64
		{6D76E92C-8157-86AD-E6C6-AC8BDD12D7E8}.Debug|Win32.ActiveCfg = Debug|Win32
		{6D76E92C-8157-86AD-E6C6-AC8BDD12D7E8}.Debug|Win32.Build.0 = Debug|Win32
		{6D76E92C-8157-86AD-E6C6-AC8BDD12D7E8}.Debug|x64.ActiveCfg = Debug|x64
		{6D76E92C-8157-86AD-E6C6-AC8BDD12D7E8}.Debug|x64.Build.0 = Debug|x64
		{6D76E92C-8157-86AD-E6C6-AC8BDD12D7E8}.Release x64|Win32.ActiveCfg = Release x64|Win32
		{6D76E92C-8157-86AD-E6C6-AC8BDD12D7E8}.Release x64|Win32.Build.0 = Release x64|Win32
		{6D76E92C-8157-86AD-E6C6-AC8BDD12D7E8}.Release x64|x64.ActiveCfg = Release x64|x64
		{6D76E92C-8157-86AD-E6C6-AC8BDD12D7E8}.Release x64|x64.Build.0 = Release x64|x64
		{6D76E92C-8157-86AD-E6C6-AC8BDD12D7E8}.Release|Win32.ActiveCfg = Release|Win32
		{6D76E92C-8157-86AD-E6C6-AC8BDD12D7E8}.Release|Win32.Build.0 = Release|Win32
		{6D76E92C-8157-86AD-E6C6-AC8BDD12D7E8}.Release|x64.ActiveCfg = Release|x64
		{6D76E92C-8157-86AD-E6C6-AC8BDD12D7E8}.Release|x64.Build.0 = Release|x64
		{86C01EAC-2406-40A7-B744-AA858B7607A9}.Debug x64|Win32.ActiveCfg = Debug x64|Win32
		{86C01EAC-2406-40A7-B744-AA858B7607A9}.Debug x64|Win32.Build.0 = Debug x64|Win32
		{86C01EAC-2406-40A7-B744-AA858B7607A9}.Debug x64|x64.ActiveCfg = Debug Inferno SSE2|x64
		{86C01EAC-2406-40A7-B744-AA858B7607A9}.Debug x64|x64.Build.0 = Debug x64|x64
		{86C01EAC-2406-40A7-B744-AA858B7607A9}.Debug|Win32.ActiveCfg = Debug|Win32
		{86C01EAC-2406-40A7-B744-AA858B7607A9}.Debug|Win32.Build.0 = Debug|Win32
		{86C01EAC-2406-40A7-B744-AA858B7607A9}.Debug|x64.ActiveCfg = Debug|x64
		{86C01EAC-2406-40A7-B744-AA858B7607A9}.Debug|x64.Build.0 = Debug|x64
		{86C01EAC-2406-40A7-B744-AA858B7607A9}.Release x64|Win32.ActiveCfg = Release x64|Win32
		{86C01EAC-2406-40A7-B744-AA858B7607A9}.Release x64|Win32.Build.0 = Release x64|Win32
		{86C01EAC-2406-40A7-B744-AA858B7607A9}.Release x64|x64.ActiveCfg = Release x64|x64
		{86C01EAC-2406-40A7-B744-AA858B7607A9}.Release x64|x64.Build.0 = Release x64|x64
		{86C01EAC-2406-40A7-B744-AA858B7607A9}.Release|Win32.ActiveCfg = Release|Win32
		{86C01EAC-2406-40A7-B744-AA858B7607A9}.Release|Win32.Build.0 = Release|Win32
		{86C01EAC-2406-40A7-B744-AA858B7607A9}.Release|x64.ActiveCfg = Release|x64
		{86C01EAC-2406-40A7-B744-AA858B7607A9}.Release|x64.Build.0 = Release|x64
		{B67E22AF-1802-34D8-D81A-69E43F2180ED}.Debug x64|Win32.ActiveCfg = Debug x64|Win32
		{B67E22AF-1802-34D8-D81A-69E43F2180ED}.Debug x64|Win32.Build.0 = Debug x64|Win32
		{B67E22AF-1802-34D8-D81A-69E43F2180ED}.Debug x64|x64.ActiveCfg = Template|x64
		{B67E22AF-1802-34D8-D81A-69E43F2180ED}.Debug x64|x64.Build.0 = Debug x64|x64
		{B67E22AF-1802-34D8-D81A-69E43F2180ED}.Debug|Win32.ActiveCfg = Debug|Win32
		{B67E22AF-1802-34D8-D81A-69E43F2180ED}.Debug|Win32.Build.0 = Debug|Win32
		{B67E22AF-1802-34D8-D81A-69E43F2180ED}.Debug|x64.ActiveCfg = Debug|x64
		{B67E22AF-1802-34D8-D81A-69E43F2180ED}.Debug|x64.Build.0 = Debug|x64
		{B67E22AF-1802-34D8-D81A-69E43F2180ED}.Release x64|Win32.ActiveCfg = Release x64|Win32
		{B67E22AF-1802-34D8-D81A-69E43F2180ED}.Release x64|Win32.Build.0 = Release x64|Win32
		{B67E22AF-1802-34D8-D81A-69E43F2180ED}.Release x64|x64.ActiveCfg = Release x64|x64
		{B67E22AF-1802-34D8-D81A-69E43F2180ED}.Release x64|x64.Build.0 = Release x64|x64
		{B67E22AF-1802-34D8-D81A-69E43F2180ED}.Release|Win32.ActiveCfg = Release|Win32
		{B67E22AF-1802-34D8-D81A-69E43F2180ED}.Release|Win32.Build.0 = Release|Win32
		{B67E22AF-1802-34D8-D81A-69E43F2180ED}.Release|x64.ActiveCfg = Release|x64
		{B67E22AF-1802-34D8-D81A-69E43F2180ED}.Release|x64.Build.0 = Release|x64
		{F33B3A07-4722-193F-0FE3-7309B79EB379}.Debug x64|Win32.ActiveCfg = Debug x64|Win32
		{F33B3A07-4722-193F-0FE3-7309B79EB379}.Debug x64|Win32.Build.0 = Debug x64|Win32
		{F33B3A07-4722-193F-0FE3-7309B79EB379}.Debug x64|x64.ActiveCfg = Template|x64
		{F33B3A07-4722-193F-0FE3-7309B79EB379}.Debug x64|x64.Build.0 = Debug x64|x64
		{F33B3A07-4722-193F-0FE3-7309B79EB379}.Debug|Win32.ActiveCfg = Debug|Win32
		{F33B3A07-4722-193F-0FE3-7309B79EB379}.Debug|Win32.Build.0 = Debug|Win32
		{F33B3A07-4722-193F-0FE3-7309B79EB379}.Debug|x64.ActiveCfg = Debug|x64
		{F33B3A07-4722-193F-0FE3-7309B79EB379}.Debug|x64.Build.0 = Debug|x64
		{F33B3A07-4722-193F-0FE3-7309B79EB379}.Release x64|Win32.ActiveCfg = Release x64|Win32
		{F33B3A07-4722-193F-0FE3-7309B79EB379}.Release x64|Win32.Build.0 = Release x64|Win32
		{F33B3A07-4722-193F-0FE3-7309B79EB379}.Release x64|x64.ActiveCfg = Release x64|x64
		{F33B3A07-4722-193F-0FE3-7309B79EB379}.Release x64|x64.Build.0 = Release x64|x64
		{F33B3A07-4722-193F-0FE3-7309B79EB379}.Release|Win32.ActiveCfg = Release|Win32
		{F33B3A07-4722-193F-0FE3-7309B79EB379}.Release|Win32.Build.0 = Release|Win32
		{F33B3A07-4722-193F-0FE3-7309B79EB379}.Release|x64.ActiveCfg = Release|x64
		{F33B3A07-4722-193F-0FE3-7309B79EB379}.Release|x64.Build.0 = Release|x64
	EndGlobalSection
	GlobalSection(SolutionProperties) = preSolution
		HideSolutionNode = FALSE
	EndGlobalSection
EndGlobal
